
Microsoft Visual Studio Solution File, Format Version 12.00
# Visual Studio 15
VisualStudioVersion = 15.0.27130.2036
MinimumVisualStudioVersion = 10.0.40219.1
Project("{FAE04EC0-301F-11D3-BF4B-00C04F79EFBC}") = "elevator2.0", "elevator2.0\elevator2.0.csproj", "{1205C817-4602-4AC7-BD95-5B8B85E03587}"
EndProject
Global
	GlobalSection(SolutionConfigurationPlatforms) = preSolution
		Debug|Any CPU = Debug|Any CPU
		Release|Any CPU = Release|Any CPU
	EndGlobalSection
	GlobalSection(ProjectConfigurationPlatforms) = postSolution
		{1205C817-4602-4AC7-BD95-5B8B85E03587}.Debug|Any CPU.ActiveCfg = Debug|Any CPU
		{1205C817-4602-4AC7-BD95-5B8B85E03587}.Debug|Any CPU.Build.0 = Debug|Any CPU
		{1205C817-4602-4AC7-BD95-5B8B85E03587}.Release|Any CPU.ActiveCfg = Release|Any CPU
		{1205C817-4602-4AC7-BD95-5B8B85E03587}.Release|Any CPU.Build.0 = Release|Any CPU
	EndGlobalSection
	GlobalSection(SolutionProperties) = preSolution
		HideSolutionNode = FALSE
	EndGlobalSection
	GlobalSection(ExtensibilityGlobals) = postSolution
		SolutionGuid = {4DE52B18-A8ED-48D4-B1FF-D08EA18BCB29}
	EndGlobalSection
EndGlobal
